
Microsoft Visual Studio Solution File, Format Version 12.00
# Visual Studio Version 17
VisualStudioVersion = 17.3.32825.248
MinimumVisualStudioVersion = 10.0.40219.1
Project("{FAE04EC0-301F-11D3-BF4B-00C04F79EFBC}") = "misha10", "misha10\misha10.csproj", "{D6EC05F9-C8F9-46B4-B327-F216D9A5761F}"
EndProject
Global
	GlobalSection(SolutionConfigurationPlatforms) = preSolution
		Debug|Any CPU = Debug|Any CPU
		Release|Any CPU = Release|Any CPU
	EndGlobalSection
	GlobalSection(ProjectConfigurationPlatforms) = postSolution
		{D6EC05F9-C8F9-46B4-B327-F216D9A5761F}.Debug|Any CPU.ActiveCfg = Debug|Any CPU
		{D6EC05F9-C8F9-46B4-B327-F216D9A5761F}.Debug|Any CPU.Build.0 = Debug|Any CPU
		{D6EC05F9-C8F9-46B4-B327-F216D9A5761F}.Release|Any CPU.ActiveCfg = Release|Any CPU
		{D6EC05F9-C8F9-46B4-B327-F216D9A5761F}.Release|Any CPU.Build.0 = Release|Any CPU
	EndGlobalSection
	GlobalSection(SolutionProperties) = preSolution
		HideSolutionNode = FALSE
	EndGlobalSection
	GlobalSection(ExtensibilityGlobals) = postSolution
		SolutionGuid = {3EFCF313-F90A-46FA-BCC2-CCACA4DA4943}
	EndGlobalSection
EndGlobal
